
Microsoft Visual Studio Solution File, Format Version 12.00
# Visual Studio 15
VisualStudioVersion = 15.0.27703.2035
MinimumVisualStudioVersion = 10.0.40219.1
Project("{FAE04EC0-301F-11D3-BF4B-00C04F79EFBC}") = "UsingWhileStatement", "UsingWhileStatement\UsingWhileStatement.csproj", "{4EF1A702-EDDF-468D-A196-9ABA5C81A77A}"
EndProject
Global
	GlobalSection(SolutionConfigurationPlatforms) = preSolution
		Debug|Any CPU = Debug|Any CPU
		Release|Any CPU = Release|Any CPU
	EndGlobalSection
	GlobalSection(ProjectConfigurationPlatforms) = postSolution
		{4EF1A702-EDDF-468D-A196-9ABA5C81A77A}.Debug|Any CPU.ActiveCfg = Debug|Any CPU
		{4EF1A702-EDDF-468D-A196-9ABA5C81A77A}.Debug|Any CPU.Build.0 = Debug|Any CPU
		{4EF1A702-EDDF-468D-A196-9ABA5C81A77A}.Release|Any CPU.ActiveCfg = Release|Any CPU
		{4EF1A702-EDDF-468D-A196-9ABA5C81A77A}.Release|Any CPU.Build.0 = Release|Any CPU
	EndGlobalSection
	GlobalSection(SolutionProperties) = preSolution
		HideSolutionNode = FALSE
	EndGlobalSection
	GlobalSection(ExtensibilityGlobals) = postSolution
		SolutionGuid = {F5B83298-6624-4BCF-81B3-EC523EFDDA65}
	EndGlobalSection
EndGlobal
